
Microsoft Visual Studio Solution File, Format Version 12.00
# Visual Studio Version 17
VisualStudioVersion = 17.2.32616.157
MinimumVisualStudioVersion = 10.0.40219.1
Project("{2150E333-8FDC-42A3-9474-1A3956D46DE8}") = "test", "test", "{D1BBDE15-4F19-4876-8BE7-67D546665348}"
EndProject
Project("{9A19103F-16F7-4668-BE54-9A1E7A4F7556}") = "Data.Entities.Abstractions.Tests", "test\Data.Entities.Abstractions.Tests\Data.Entities.Abstractions.Tests.csproj", "{F567A49B-69D6-412F-8956-CFBD03193A52}"
EndProject
Project("{9A19103F-16F7-4668-BE54-9A1E7A4F7556}") = "Data.Entities.Abstractions", "src\Data.Entities.Abstractions\Data.Entities.Abstractions.csproj", "{6ED29055-B055-4114-B9FE-5967F9FF1BCC}"
EndProject
Project("{9A19103F-16F7-4668-BE54-9A1E7A4F7556}") = "Data.Entities.Identity.Tests", "test\Data.Entities.Identity.Tests\Data.Entities.Identity.Tests.csproj", "{75EAB4E7-98D8-4028-A4A5-5991B0B3AEE8}"
EndProject
Project("{9A19103F-16F7-4668-BE54-9A1E7A4F7556}") = "Data.Entities.Identity", "src\Data.Entities.Identity\Data.Entities.Identity.csproj", "{46963BB1-6CF5-427B-AFB3-E623DF83663A}"
EndProject
Global
	GlobalSection(SolutionConfigurationPlatforms) = preSolution
		Debug|Any CPU = Debug|Any CPU
		Release|Any CPU = Release|Any CPU
	EndGlobalSection
	GlobalSection(ProjectConfigurationPlatforms) = postSolution
		{F567A49B-69D6-412F-8956-CFBD03193A52}.Debug|Any CPU.ActiveCfg = Debug|Any CPU
		{F567A49B-69D6-412F-8956-CFBD03193A52}.Debug|Any CPU.Build.0 = Debug|Any CPU
		{F567A49B-69D6-412F-8956-CFBD03193A52}.Release|Any CPU.ActiveCfg = Release|Any CPU
		{F567A49B-69D6-412F-8956-CFBD03193A52}.Release|Any CPU.Build.0 = Release|Any CPU
		{6ED29055-B055-4114-B9FE-5967F9FF1BCC}.Debug|Any CPU.ActiveCfg = Release|Any CPU
		{6ED29055-B055-4114-B9FE-5967F9FF1BCC}.Debug|Any CPU.Build.0 = Release|Any CPU
		{6ED29055-B055-4114-B9FE-5967F9FF1BCC}.Release|Any CPU.ActiveCfg = Release|Any CPU
		{6ED29055-B055-4114-B9FE-5967F9FF1BCC}.Release|Any CPU.Build.0 = Release|Any CPU
		{75EAB4E7-98D8-4028-A4A5-5991B0B3AEE8}.Debug|Any CPU.ActiveCfg = Debug|Any CPU
		{75EAB4E7-98D8-4028-A4A5-5991B0B3AEE8}.Debug|Any CPU.Build.0 = Debug|Any CPU
		{75EAB4E7-98D8-4028-A4A5-5991B0B3AEE8}.Release|Any CPU.ActiveCfg = Release|Any CPU
		{75EAB4E7-98D8-4028-A4A5-5991B0B3AEE8}.Release|Any CPU.Build.0 = Release|Any CPU
		{46963BB1-6CF5-427B-AFB3-E623DF83663A}.Debug|Any CPU.ActiveCfg = Debug|Any CPU
		{46963BB1-6CF5-427B-AFB3-E623DF83663A}.Debug|Any CPU.Build.0 = Debug|Any CPU
		{46963BB1-6CF5-427B-AFB3-E623DF83663A}.Release|Any CPU.ActiveCfg = Release|Any CPU
		{46963BB1-6CF5-427B-AFB3-E623DF83663A}.Release|Any CPU.Build.0 = Release|Any CPU
	EndGlobalSection
	GlobalSection(SolutionProperties) = preSolution
		HideSolutionNode = FALSE
	EndGlobalSection
	GlobalSection(NestedProjects) = preSolution
		{F567A49B-69D6-412F-8956-CFBD03193A52} = {D1BBDE15-4F19-4876-8BE7-67D546665348}
		{75EAB4E7-98D8-4028-A4A5-5991B0B3AEE8} = {D1BBDE15-4F19-4876-8BE7-67D546665348}
	EndGlobalSection
	GlobalSection(ExtensibilityGlobals) = postSolution
		SolutionGuid = {D89E32C3-FCE0-4F09-9D95-68C47BD48606}
	EndGlobalSection
EndGlobal
